
Microsoft Visual Studio Solution File, Format Version 12.00
# Visual Studio Version 16
VisualStudioVersion = 16.0.30104.148
MinimumVisualStudioVersion = 10.0.40219.1
Project("{FAE04EC0-301F-11D3-BF4B-00C04F79EFBC}") = "React", "React\React.csproj", "{56FA6FB2-15FB-447A-8669-1C65CF77939C}"
EndProject
Global
	GlobalSection(SolutionConfigurationPlatforms) = preSolution
		Debug|Any CPU = Debug|Any CPU
		Release|Any CPU = Release|Any CPU
	EndGlobalSection
	GlobalSection(ProjectConfigurationPlatforms) = postSolution
		{56FA6FB2-15FB-447A-8669-1C65CF77939C}.Debug|Any CPU.ActiveCfg = Debug|Any CPU
		{56FA6FB2-15FB-447A-8669-1C65CF77939C}.Debug|Any CPU.Build.0 = Debug|Any CPU
		{56FA6FB2-15FB-447A-8669-1C65CF77939C}.Release|Any CPU.ActiveCfg = Release|Any CPU
		{56FA6FB2-15FB-447A-8669-1C65CF77939C}.Release|Any CPU.Build.0 = Release|Any CPU
	EndGlobalSection
	GlobalSection(SolutionProperties) = preSolution
		HideSolutionNode = FALSE
	EndGlobalSection
	GlobalSection(ExtensibilityGlobals) = postSolution
		SolutionGuid = {20C912C6-8D67-41B9-85F4-DB98866724E2}
	EndGlobalSection
EndGlobal
